
Microsoft Visual Studio Solution File, Format Version 12.00
# Visual Studio Version 17
VisualStudioVersion = 17.4.33205.214
MinimumVisualStudioVersion = 10.0.40219.1
Project("{9A19103F-16F7-4668-BE54-9A1E7A4F7556}") = "ClassIntro", "..\ClassIntro\ClassIntro.csproj", "{EA534C13-3125-4902-9A91-2FC550514334}"
EndProject
Project("{9A19103F-16F7-4668-BE54-9A1E7A4F7556}") = "Methods", "..\Methods\Methods.csproj", "{2CE3C785-6B6D-4D42-A92A-13028A3066C0}"
EndProject
Project("{9A19103F-16F7-4668-BE54-9A1E7A4F7556}") = "Matematik", "..\Matematik\Matematik.csproj", "{60E3DBAB-0AE3-4DAB-AFA5-C1929C27D0C4}"
EndProject
Project("{9A19103F-16F7-4668-BE54-9A1E7A4F7556}") = "DegerveReferansTipler", "..\DegerveReferansTipler\DegerveReferansTipler.csproj", "{952A7ED3-6A40-4459-BC95-B4D7FD3B7D54}"
EndProject
Project("{9A19103F-16F7-4668-BE54-9A1E7A4F7556}") = "OOP1", "OOP1\OOP1.csproj", "{C372334F-D96B-47A4-8C4D-105047AFB3B3}"
EndProject
Project("{9A19103F-16F7-4668-BE54-9A1E7A4F7556}") = "Koleksiyonlar", "Koleksiyonlar\Koleksiyonlar.csproj", "{9BB391D9-B2E4-44B1-A145-105E70DBACD4}"
EndProject
Project("{9A19103F-16F7-4668-BE54-9A1E7A4F7556}") = "GenericsIntro", "GenericsIntro\GenericsIntro.csproj", "{D9FCCBBD-6DF9-4AC4-AD08-96E237AD309B}"
EndProject
Project("{FAE04EC0-301F-11D3-BF4B-00C04F79EFBC}") = "Oop2", "Oop2\Oop2.csproj", "{7AE8BAE3-59D0-49FB-BA8C-C8152F77C1A7}"
EndProject
Project("{FAE04EC0-301F-11D3-BF4B-00C04F79EFBC}") = "OOP3", "OOP3\OOP3.csproj", "{00D49E94-90E0-497C-908C-D6174C574556}"
EndProject
Global
	GlobalSection(SolutionConfigurationPlatforms) = preSolution
		Debug|Any CPU = Debug|Any CPU
		Release|Any CPU = Release|Any CPU
	EndGlobalSection
	GlobalSection(ProjectConfigurationPlatforms) = postSolution
		{EA534C13-3125-4902-9A91-2FC550514334}.Debug|Any CPU.ActiveCfg = Debug|Any CPU
		{EA534C13-3125-4902-9A91-2FC550514334}.Debug|Any CPU.Build.0 = Debug|Any CPU
		{EA534C13-3125-4902-9A91-2FC550514334}.Release|Any CPU.ActiveCfg = Release|Any CPU
		{EA534C13-3125-4902-9A91-2FC550514334}.Release|Any CPU.Build.0 = Release|Any CPU
		{2CE3C785-6B6D-4D42-A92A-13028A3066C0}.Debug|Any CPU.ActiveCfg = Debug|Any CPU
		{2CE3C785-6B6D-4D42-A92A-13028A3066C0}.Debug|Any CPU.Build.0 = Debug|Any CPU
		{2CE3C785-6B6D-4D42-A92A-13028A3066C0}.Release|Any CPU.ActiveCfg = Release|Any CPU
		{2CE3C785-6B6D-4D42-A92A-13028A3066C0}.Release|Any CPU.Build.0 = Release|Any CPU
		{60E3DBAB-0AE3-4DAB-AFA5-C1929C27D0C4}.Debug|Any CPU.ActiveCfg = Debug|Any CPU
		{60E3DBAB-0AE3-4DAB-AFA5-C1929C27D0C4}.Debug|Any CPU.Build.0 = Debug|Any CPU
		{60E3DBAB-0AE3-4DAB-AFA5-C1929C27D0C4}.Release|Any CPU.ActiveCfg = Release|Any CPU
		{60E3DBAB-0AE3-4DAB-AFA5-C1929C27D0C4}.Release|Any CPU.Build.0 = Release|Any CPU
		{952A7ED3-6A40-4459-BC95-B4D7FD3B7D54}.Debug|Any CPU.ActiveCfg = Debug|Any CPU
		{952A7ED3-6A40-4459-BC95-B4D7FD3B7D54}.Debug|Any CPU.Build.0 = Debug|Any CPU
		{952A7ED3-6A40-4459-BC95-B4D7FD3B7D54}.Release|Any CPU.ActiveCfg = Release|Any CPU
		{952A7ED3-6A40-4459-BC95-B4D7FD3B7D54}.Release|Any CPU.Build.0 = Release|Any CPU
		{C372334F-D96B-47A4-8C4D-105047AFB3B3}.Debug|Any CPU.ActiveCfg = Debug|Any CPU
		{C372334F-D96B-47A4-8C4D-105047AFB3B3}.Debug|Any CPU.Build.0 = Debug|Any CPU
		{C372334F-D96B-47A4-8C4D-105047AFB3B3}.Release|Any CPU.ActiveCfg = Release|Any CPU
		{C372334F-D96B-47A4-8C4D-105047AFB3B3}.Release|Any CPU.Build.0 = Release|Any CPU
		{9BB391D9-B2E4-44B1-A145-105E70DBACD4}.Debug|Any CPU.ActiveCfg = Debug|Any CPU
		{9BB391D9-B2E4-44B1-A145-105E70DBACD4}.Debug|Any CPU.Build.0 = Debug|Any CPU
		{9BB391D9-B2E4-44B1-A145-105E70DBACD4}.Release|Any CPU.ActiveCfg = Release|Any CPU
		{9BB391D9-B2E4-44B1-A145-105E70DBACD4}.Release|Any CPU.Build.0 = Release|Any CPU
		{D9FCCBBD-6DF9-4AC4-AD08-96E237AD309B}.Debug|Any CPU.ActiveCfg = Debug|Any CPU
		{D9FCCBBD-6DF9-4AC4-AD08-96E237AD309B}.Debug|Any CPU.Build.0 = Debug|Any CPU
		{D9FCCBBD-6DF9-4AC4-AD08-96E237AD309B}.Release|Any CPU.ActiveCfg = Release|Any CPU
		{D9FCCBBD-6DF9-4AC4-AD08-96E237AD309B}.Release|Any CPU.Build.0 = Release|Any CPU
		{7AE8BAE3-59D0-49FB-BA8C-C8152F77C1A7}.Debug|Any CPU.ActiveCfg = Debug|Any CPU
		{7AE8BAE3-59D0-49FB-BA8C-C8152F77C1A7}.Debug|Any CPU.Build.0 = Debug|Any CPU
		{7AE8BAE3-59D0-49FB-BA8C-C8152F77C1A7}.Release|Any CPU.ActiveCfg = Release|Any CPU
		{7AE8BAE3-59D0-49FB-BA8C-C8152F77C1A7}.Release|Any CPU.Build.0 = Release|Any CPU
		{00D49E94-90E0-497C-908C-D6174C574556}.Debug|Any CPU.ActiveCfg = Debug|Any CPU
		{00D49E94-90E0-497C-908C-D6174C574556}.Debug|Any CPU.Build.0 = Debug|Any CPU
		{00D49E94-90E0-497C-908C-D6174C574556}.Release|Any CPU.ActiveCfg = Release|Any CPU
		{00D49E94-90E0-497C-908C-D6174C574556}.Release|Any CPU.Build.0 = Release|Any CPU
	EndGlobalSection
	GlobalSection(SolutionProperties) = preSolution
		HideSolutionNode = FALSE
	EndGlobalSection
	GlobalSection(ExtensibilityGlobals) = postSolution
		SolutionGuid = {1A9008B4-5BFC-454A-BF45-AA47A61A58F0}
	EndGlobalSection
EndGlobal
